{
  "nodes": {
    "flakeNimbleLib": {
      "inputs": {
        "nixpkgs": [
          "nixpkgs"
        ]
      },
      "locked": {
        "lastModified": 1662018438,
        "narHash": "sha256-QtNtU6+LX3Wokxf0zlFwKTFOcn6TeDjKQZ+DA9OYtvM=",
        "owner": "riinr",
        "repo": "nim-flakes-lib",
        "rev": "b1fe8340736e3a85d25c709ac3dfd82a55c03cbf",
        "type": "github"
      },
      "original": {
        "owner": "riinr",
        "ref": "master",
        "repo": "nim-flakes-lib",
        "type": "github"
      }
    },
    "nixpkgs": {
      "locked": {
        "lastModified": 1667110639,
        "narHash": "sha256-4FbPESZ5LbqQxkJJJBAfk/zKgF9h/4kyUwjjpJwYlbc=",
        "owner": "NixOS",
        "repo": "nixpkgs",
        "rev": "f38a1f04d1bec1feb61fd101a0539ae2002a7087",
        "type": "github"
      },
      "original": {
        "id": "nixpkgs",
        "type": "indirect"
      }
    },
    "pcap-master": {
      "inputs": {
        "flakeNimbleLib": [
          "flakeNimbleLib"
        ],
        "nixpkgs": [
          "nixpkgs"
        ],
        "src-pcap-master": "src-pcap-master"
      },
      "locked": {
        "dir": "master",
        "lastModified": 1662254738,
        "narHash": "sha256-ufPjCkQB/Tqp/gCT8sJ33/Uc2CFDMe622v5udYgM6vE=",
        "owner": "nim-nix-pkgs",
        "repo": "pcap",
        "rev": "c91d201644f5dcc93789248246d49a46872afff0",
        "type": "github"
      },
      "original": {
        "dir": "master",
        "owner": "nim-nix-pkgs",
        "ref": "master",
        "repo": "pcap",
        "type": "github"
      }
    },
    "root": {
      "inputs": {
        "flakeNimbleLib": "flakeNimbleLib",
        "nixpkgs": "nixpkgs",
        "pcap-master": "pcap-master"
      }
    },
    "src-pcap-master": {
      "flake": false,
      "locked": {
        "lastModified": 1569145801,
        "narHash": "sha256-2iLMmMuanv2SVjIzw7cdRjWlXWlkM1JIHlcdOhpXvCk=",
        "owner": "PMunch",
        "repo": "nim-pcap",
        "rev": "36886f0162bba99efd0c57ca771275d561957cc2",
        "type": "github"
      },
      "original": {
        "owner": "PMunch",
        "ref": "refs/heads/master",
        "repo": "nim-pcap",
        "type": "github"
      }
    }
  },
  "root": "root",
  "version": 7
}
